
Microsoft Visual Studio Solution File, Format Version 12.00
# Visual Studio Version 16
VisualStudioVersion = 16.0.29609.76
MinimumVisualStudioVersion = 10.0.40219.1
Project("{FAE04EC0-301F-11D3-BF4B-00C04F79EFBC}") = "AuthExercise", "AuthExercise\AuthExercise.csproj", "{0F167231-DD03-418C-8EE5-528229847929}"
EndProject
Project("{FAE04EC0-301F-11D3-BF4B-00C04F79EFBC}") = "JwtExercise", "JwtExercise\JwtExercise.csproj", "{3BE645B5-76A0-4ED3-AF78-5F1C91924BDB}"
EndProject
Global
	GlobalSection(SolutionConfigurationPlatforms) = preSolution
		Debug|Any CPU = Debug|Any CPU
		Release|Any CPU = Release|Any CPU
	EndGlobalSection
	GlobalSection(ProjectConfigurationPlatforms) = postSolution
		{0F167231-DD03-418C-8EE5-528229847929}.Debug|Any CPU.ActiveCfg = Debug|Any CPU
		{0F167231-DD03-418C-8EE5-528229847929}.Debug|Any CPU.Build.0 = Debug|Any CPU
		{0F167231-DD03-418C-8EE5-528229847929}.Release|Any CPU.ActiveCfg = Release|Any CPU
		{0F167231-DD03-418C-8EE5-528229847929}.Release|Any CPU.Build.0 = Release|Any CPU
		{3BE645B5-76A0-4ED3-AF78-5F1C91924BDB}.Debug|Any CPU.ActiveCfg = Debug|Any CPU
		{3BE645B5-76A0-4ED3-AF78-5F1C91924BDB}.Debug|Any CPU.Build.0 = Debug|Any CPU
		{3BE645B5-76A0-4ED3-AF78-5F1C91924BDB}.Release|Any CPU.ActiveCfg = Release|Any CPU
		{3BE645B5-76A0-4ED3-AF78-5F1C91924BDB}.Release|Any CPU.Build.0 = Release|Any CPU
	EndGlobalSection
	GlobalSection(SolutionProperties) = preSolution
		HideSolutionNode = FALSE
	EndGlobalSection
	GlobalSection(ExtensibilityGlobals) = postSolution
		SolutionGuid = {CCC3F35B-F232-44F4-92EB-34596EF590FE}
	EndGlobalSection
EndGlobal
